
Microsoft Visual Studio Solution File, Format Version 12.00
# Visual Studio 15
VisualStudioVersion = 15.0.27130.2027
MinimumVisualStudioVersion = 10.0.40219.1
Project("{8BC9CEB8-8B4A-11D0-8D11-00A0C91BC942}") = "FeComponentTransfer", "FeComponentTransfer.vcxproj", "{F07E398F-857B-4CD6-A079-4AFCC28BF4E1}"
EndProject
Global
	GlobalSection(SolutionConfigurationPlatforms) = preSolution
		Debug|x64 = Debug|x64
		Debug|x86 = Debug|x86
		Release|x64 = Release|x64
		Release|x86 = Release|x86
	EndGlobalSection
	GlobalSection(ProjectConfigurationPlatforms) = postSolution
		{F07E398F-857B-4CD6-A079-4AFCC28BF4E1}.Debug|x64.ActiveCfg = Debug|x64
		{F07E398F-857B-4CD6-A079-4AFCC28BF4E1}.Debug|x64.Build.0 = Debug|x64
		{F07E398F-857B-4CD6-A079-4AFCC28BF4E1}.Debug|x86.ActiveCfg = Debug|Win32
		{F07E398F-857B-4CD6-A079-4AFCC28BF4E1}.Debug|x86.Build.0 = Debug|Win32
		{F07E398F-857B-4CD6-A079-4AFCC28BF4E1}.Release|x64.ActiveCfg = Release|x64
		{F07E398F-857B-4CD6-A079-4AFCC28BF4E1}.Release|x64.Build.0 = Release|x64
		{F07E398F-857B-4CD6-A079-4AFCC28BF4E1}.Release|x86.ActiveCfg = Release|Win32
		{F07E398F-857B-4CD6-A079-4AFCC28BF4E1}.Release|x86.Build.0 = Release|Win32
	EndGlobalSection
	GlobalSection(SolutionProperties) = preSolution
		HideSolutionNode = FALSE
	EndGlobalSection
	GlobalSection(ExtensibilityGlobals) = postSolution
		SolutionGuid = {E8AFA664-DDF0-46F2-8107-F7E31DA642EA}
	EndGlobalSection
EndGlobal
